
Microsoft Visual Studio Solution File, Format Version 12.00
# Visual Studio Version 16
VisualStudioVersion = 16.0.34031.81
MinimumVisualStudioVersion = 10.0.40219.1
Project("{FAE04EC0-301F-11D3-BF4B-00C04F79EFBC}") = "practica 12 C Sharp", "practica 12 C Sharp\practica 12 C Sharp.csproj", "{F9FB0B5B-A1EB-4E32-9C30-170774369F22}"
EndProject
Global
	GlobalSection(SolutionConfigurationPlatforms) = preSolution
		Debug|Any CPU = Debug|Any CPU
		Release|Any CPU = Release|Any CPU
	EndGlobalSection
	GlobalSection(ProjectConfigurationPlatforms) = postSolution
		{F9FB0B5B-A1EB-4E32-9C30-170774369F22}.Debug|Any CPU.ActiveCfg = Debug|Any CPU
		{F9FB0B5B-A1EB-4E32-9C30-170774369F22}.Debug|Any CPU.Build.0 = Debug|Any CPU
		{F9FB0B5B-A1EB-4E32-9C30-170774369F22}.Release|Any CPU.ActiveCfg = Release|Any CPU
		{F9FB0B5B-A1EB-4E32-9C30-170774369F22}.Release|Any CPU.Build.0 = Release|Any CPU
	EndGlobalSection
	GlobalSection(SolutionProperties) = preSolution
		HideSolutionNode = FALSE
	EndGlobalSection
	GlobalSection(ExtensibilityGlobals) = postSolution
		SolutionGuid = {FAD0DF20-C47F-4DD7-BC6C-62D24E504C15}
	EndGlobalSection
EndGlobal
